
Microsoft Visual Studio Solution File, Format Version 12.00
# Visual Studio Version 17
VisualStudioVersion = 17.5.33627.172
MinimumVisualStudioVersion = 10.0.40219.1
Project("{FAE04EC0-301F-11D3-BF4B-00C04F79EFBC}") = "SwipeTests", "SwipeTests\SwipeTests.csproj", "{CBC506E9-B0CD-4E48-8310-F4280A7B47AA}"
EndProject
Global
	GlobalSection(SolutionConfigurationPlatforms) = preSolution
		Debug|Any CPU = Debug|Any CPU
		Release|Any CPU = Release|Any CPU
	EndGlobalSection
	GlobalSection(ProjectConfigurationPlatforms) = postSolution
		{CBC506E9-B0CD-4E48-8310-F4280A7B47AA}.Debug|Any CPU.ActiveCfg = Debug|Any CPU
		{CBC506E9-B0CD-4E48-8310-F4280A7B47AA}.Debug|Any CPU.Build.0 = Debug|Any CPU
		{CBC506E9-B0CD-4E48-8310-F4280A7B47AA}.Release|Any CPU.ActiveCfg = Release|Any CPU
		{CBC506E9-B0CD-4E48-8310-F4280A7B47AA}.Release|Any CPU.Build.0 = Release|Any CPU
	EndGlobalSection
	GlobalSection(SolutionProperties) = preSolution
		HideSolutionNode = FALSE
	EndGlobalSection
	GlobalSection(ExtensibilityGlobals) = postSolution
		SolutionGuid = {FEBF2339-0412-4CE0-99C4-AB29550C3B39}
	EndGlobalSection
EndGlobal
